lockfileVersion: '9.0'

settings:
  autoInstallPeers: true
  excludeLinksFromLockfile: false

importers:

  .:
    dependencies:
      '@radix-ui/react-switch':
        specifier: ^1.3.7
        version: 1.3.7(react-dom@19.2.8(react@19.2.8))(react@19.2.8)

packages:

  '@radix-ui/primitive@1.1.7':
    resolution: {integrity: sha512-rqWnm76nYT8HoNNqEjpgJ7Pw/DrBj5iBTrmEPo6HTX5+VJyBNOqTdv4g89G63HuR5g0AaENoAcH7Is5fF2kZ8Q==}

  '@radix-ui/react-compose-refs@1.1.5':
    resolution: {integrity: sha512-+48PbAAbq3didjJxa+OaWY2ZwgAKsNiRGyeHKszblZMQ+kcpd9pAaT11cMkGEie0vsOi3QdeTE6d5Fe3Gn61kA==}
    peerDependencies:
      '@types/react': '*'
      react: ^16.8 || ^17.0 || ^18.0 || ^19.0 || ^19.0.0-rc
    peerDependenciesMeta:
      '@types/react':
        optional: true

  '@radix-ui/react-context@1.2.2':
    resolution: {integrity: sha512-RHCUGwKHDr0hDGg4X7ma4JG4/+12qxw8rkh5QKdDldlCvtja6nUx1Ef/8HVrJze81lEsgLQlqjzjGNHantgnQA==}
    peerDependencies:
      '@types/react': '*'
      react: ^16.8 || ^17.0 || ^18.0 || ^19.0 || ^19.0.0-rc
    peerDependenciesMeta:
      '@types/react':
        optional: true

  '@radix-ui/react-primitive@2.1.10':
    resolution: {integrity: sha512-MucOnzh6hR5mid6VpkbglRAMYMjKLqRnGBbjXkzjK52fuQDd1qbkx78a5P40mkcnVXJdEVxm26E9OPAiUq7nBg==}
    peerDependencies:
      '@types/react': '*'
      '@types/react-dom': '*'
      react: ^16.8 || ^17.0 || ^18.0 || ^19.0 || ^19.0.0-rc
      react-dom: ^16.8 || ^17.0 || ^18.0 || ^19.0 || ^19.0.0-rc
    peerDependenciesMeta:
      '@types/react':
        optional: true
      '@types/react-dom':
        optional: true

  '@radix-ui/react-slot@1.3.3':
    resolution: {integrity: sha512-qx7oqnYbxnK9kYI9m317qmFmEgo6ywqWvbTogdj7cL9p3/yx4M48p7Rnw5z3H890cL/ow/EeWJsuTykeZVXP5Q==}
    peerDependencies:
      '@types/react': '*'
      react: ^16.8 || ^17.0 || ^18.0 || ^19.0 || ^19.0.0-rc
    peerDependenciesMeta:
      '@types/react':
        optional: true

  '@radix-ui/react-switch@1.3.7':
    resolution: {integrity: sha512-48tB/4dn2UVLBCYhTu9AuR63IHl73l/qLbLgxd86noTUor4/K4LFDAcYjK+isP5313qxaFpjPVogE7+Y0/V3Kw==}
    peerDependencies:
      '@types/react': '*'
      '@types/react-dom': '*'
      react: ^16.8 || ^17.0 || ^18.0 || ^19.0 || ^19.0.0-rc
      react-dom: ^16.8 || ^17.0 || ^18.0 || ^19.0 || ^19.0.0-rc
    peerDependenciesMeta:
      '@types/react':
        optional: true
      '@types/react-dom':
        optional: true

  '@radix-ui/react-use-controllable-state@1.2.6':
    resolution: {integrity: sha512-uEQJGT97ZA/TgP/Hydw47lHu+/vQj6z/0jA+WeTbK1o9Rx45GImjpD0tc3W5ad3D6XTSR6e1yEO0FvGq6WQfVQ==}
    peerDependencies:
      '@types/react': '*'
      react: ^16.8 || ^17.0 || ^18.0 || ^19.0 || ^19.0.0-rc
    peerDependenciesMeta:
      '@types/react':
        optional: true

  '@radix-ui/react-use-effect-event@0.0.5':
    resolution: {integrity: sha512-7cshFL8HGS/7HEiHH+9kL9HBwp2sa9yX18Knwek6KYWmXwM7pegMgta2AXMQKI+rq3JnfSj9x8wYqFMTdG1Jgg==}
    peerDependencies:
      '@types/react': '*'
      react: ^16.8 || ^17.0 || ^18.0 || ^19.0 || ^19.0.0-rc
    peerDependenciesMeta:
      '@types/react':
        optional: true

  '@radix-ui/react-use-layout-effect@1.1.4':
    resolution: {integrity: sha512-K20DkRkUwDnxEYMBPcg3Y6voLkEy5p5QQmszZgLngKKiC7dzBR/aEuK3w1qlx2JWDUNH6FluahYdgR3BP+QbYw==}
    peerDependencies:
      '@types/react': '*'
      react: ^16.8 || ^17.0 || ^18.0 || ^19.0 || ^19.0.0-rc
    peerDependenciesMeta:
      '@types/react':
        optional: true

  '@radix-ui/react-use-size@1.1.4':
    resolution: {integrity: sha512-D3anSY15EJoxrihpsXI6SMrmmonnQtR2ni7arO+Lfdg3O95b9hNXxONk8jA5C8ANdF/h5HMAxejgs8PWJ6rlhw==}
    peerDependencies:
      '@types/react': '*'
      react: ^16.8 || ^17.0 || ^18.0 || ^19.0 || ^19.0.0-rc
    peerDependenciesMeta:
      '@types/react':
        optional: true

  react-dom@19.2.8:
    resolution: {integrity: sha512-rVprimfGBG3DR+Tq0IQG2DT5PxKth1WIGDmj5yPmlzr4YBe7uyE+Du4oVqTDXZSHGGGXRtTJEGSSePyQCMBglQ==}
    peerDependencies:
      react: ^19.2.8

  react@19.2.8:
    resolution: {integrity: sha512-PWaYA1L/q9u2u7xYQi+Y3L3Yfnie7XyLeaJICV1MGD6LprsBxcAqGjYyr0eY3p+QdsA+x/Irkt4Qif8D63+Sbw==}
    engines: {node: '>=0.10.0'}

  scheduler@0.27.0:
    resolution: {integrity: sha512-eNv+WrVbKu1f3vbYJT/xtiF5syA5HPIMtf9IgY/nKg0sWqzAUEvqY/xm7OcZc/qafLx/iO9FgOmeSAp4v5ti/Q==}

snapshots:

  '@radix-ui/primitive@1.1.7': {}

  '@radix-ui/react-compose-refs@1.1.5(react@19.2.8)':
    dependencies:
      react: 19.2.8

  '@radix-ui/react-context@1.2.2(react@19.2.8)':
    dependencies:
      react: 19.2.8

  '@radix-ui/react-primitive@2.1.10(react-dom@19.2.8(react@19.2.8))(react@19.2.8)':
    dependencies:
      '@radix-ui/react-slot': 1.3.3(react@19.2.8)
      react: 19.2.8
      react-dom: 19.2.8(react@19.2.8)

  '@radix-ui/react-slot@1.3.3(react@19.2.8)':
    dependencies:
      '@radix-ui/react-compose-refs': 1.1.5(react@19.2.8)
      react: 19.2.8

  '@radix-ui/react-switch@1.3.7(react-dom@19.2.8(react@19.2.8))(react@19.2.8)':
    dependencies:
      '@radix-ui/primitive': 1.1.7
      '@radix-ui/react-compose-refs': 1.1.5(react@19.2.8)
      '@radix-ui/react-context': 1.2.2(react@19.2.8)
      '@radix-ui/react-primitive': 2.1.10(react-dom@19.2.8(react@19.2.8))(react@19.2.8)
      '@radix-ui/react-use-controllable-state': 1.2.6(react@19.2.8)
      '@radix-ui/react-use-size': 1.1.4(react@19.2.8)
      react: 19.2.8
      react-dom: 19.2.8(react@19.2.8)

  '@radix-ui/react-use-controllable-state@1.2.6(react@19.2.8)':
    dependencies:
      '@radix-ui/primitive': 1.1.7
      '@radix-ui/react-use-effect-event': 0.0.5(react@19.2.8)
      '@radix-ui/react-use-layout-effect': 1.1.4(react@19.2.8)
      react: 19.2.8

  '@radix-ui/react-use-effect-event@0.0.5(react@19.2.8)':
    dependencies:
      '@radix-ui/react-use-layout-effect': 1.1.4(react@19.2.8)
      react: 19.2.8

  '@radix-ui/react-use-layout-effect@1.1.4(react@19.2.8)':
    dependencies:
      react: 19.2.8

  '@radix-ui/react-use-size@1.1.4(react@19.2.8)':
    dependencies:
      '@radix-ui/react-use-layout-effect': 1.1.4(react@19.2.8)
      react: 19.2.8

  react-dom@19.2.8(react@19.2.8):
    dependencies:
      react: 19.2.8
      scheduler: 0.27.0

  react@19.2.8: {}

  scheduler@0.27.0: {}
